
Microsoft Visual Studio Solution File, Format Version 12.00
# Visual Studio Version 16
VisualStudioVersion = 16.0.31105.61
MinimumVisualStudioVersion = 10.0.40219.1
Project("{9A19103F-16F7-4668-BE54-9A1E7A4F7556}") = "roofstock.Api", "roofstock.Api\roofstock.Api.csproj", "{390A216D-E1D3-4518-AE89-E3E55E4CD76D}"
EndProject
Project("{FAE04EC0-301F-11D3-BF4B-00C04F79EFBC}") = "roofstock.Data", "roofstock.Data\roofstock.Data.csproj", "{500D48AA-4B41-40AF-BEF2-80FBA726F905}"
EndProject
Global
	GlobalSection(SolutionConfigurationPlatforms) = preSolution
		Debug|Any CPU = Debug|Any CPU
		Release|Any CPU = Release|Any CPU
	EndGlobalSection
	GlobalSection(ProjectConfigurationPlatforms) = postSolution
		{390A216D-E1D3-4518-AE89-E3E55E4CD76D}.Debug|Any CPU.ActiveCfg = Debug|Any CPU
		{390A216D-E1D3-4518-AE89-E3E55E4CD76D}.Debug|Any CPU.Build.0 = Debug|Any CPU
		{390A216D-E1D3-4518-AE89-E3E55E4CD76D}.Release|Any CPU.ActiveCfg = Release|Any CPU
		{390A216D-E1D3-4518-AE89-E3E55E4CD76D}.Release|Any CPU.Build.0 = Release|Any CPU
		{500D48AA-4B41-40AF-BEF2-80FBA726F905}.Debug|Any CPU.ActiveCfg = Debug|Any CPU
		{500D48AA-4B41-40AF-BEF2-80FBA726F905}.Debug|Any CPU.Build.0 = Debug|Any CPU
		{500D48AA-4B41-40AF-BEF2-80FBA726F905}.Release|Any CPU.ActiveCfg = Release|Any CPU
		{500D48AA-4B41-40AF-BEF2-80FBA726F905}.Release|Any CPU.Build.0 = Release|Any CPU
	EndGlobalSection
	GlobalSection(SolutionProperties) = preSolution
		HideSolutionNode = FALSE
	EndGlobalSection
	GlobalSection(ExtensibilityGlobals) = postSolution
		SolutionGuid = {22029945-CCB8-4869-8B92-D25D687FBB95}
	EndGlobalSection
EndGlobal
